
Microsoft Visual Studio Solution File, Format Version 12.00
# Visual Studio Version 16
VisualStudioVersion = 16.0.29509.3
MinimumVisualStudioVersion = 10.0.40219.1
Project("{FAE04EC0-301F-11D3-BF4B-00C04F79EFBC}") = "Envio de parametros por refrencia", "Envio de parametros por refrencia.csproj", "{09E7FD0C-0B69-4A2B-B728-48653E389A50}"
EndProject
Global
	GlobalSection(SolutionConfigurationPlatforms) = preSolution
		Debug|Any CPU = Debug|Any CPU
		Release|Any CPU = Release|Any CPU
	EndGlobalSection
	GlobalSection(ProjectConfigurationPlatforms) = postSolution
		{09E7FD0C-0B69-4A2B-B728-48653E389A50}.Debug|Any CPU.ActiveCfg = Debug|Any CPU
		{09E7FD0C-0B69-4A2B-B728-48653E389A50}.Debug|Any CPU.Build.0 = Debug|Any CPU
		{09E7FD0C-0B69-4A2B-B728-48653E389A50}.Release|Any CPU.ActiveCfg = Release|Any CPU
		{09E7FD0C-0B69-4A2B-B728-48653E389A50}.Release|Any CPU.Build.0 = Release|Any CPU
	EndGlobalSection
	GlobalSection(SolutionProperties) = preSolution
		HideSolutionNode = FALSE
	EndGlobalSection
	GlobalSection(ExtensibilityGlobals) = postSolution
		SolutionGuid = {A91F628F-8188-4FDC-A9B1-2820954570F5}
	EndGlobalSection
EndGlobal
